# This file is automatically @generated by Poetry 1.8.2 and should not be changed by hand.

[[package]]
name = "atomicwrites"
version = "1.4.1"
description = "Atomic file writes."
optional = false
python-versions = ">=2.7, !=3.0.*, !=3.1.*, !=3.2.*, !=3.3.*"
files = [
    {file = "atomicwrites-1.4.1.tar.gz", hash = "sha256:81b2c9071a49367a7f770170e5eec8cb66567cfbbc8c73d20ce5ca4a8d71cf11"},
]

[[package]]
name = "attrs"
version = "23.1.0"
description = "Classes Without Boilerplate"
optional = false
python-versions = ">=3.7"
files = [
    {file = "attrs-23.1.0-py3-none-any.whl", hash = "sha256:1f28b4522cdc2fb4256ac1a020c78acf9cba2c6b461ccd2c126f3aa8e8335d04"},
    {file = "attrs-23.1.0.tar.gz", hash = "sha256:6279836d581513a26f1bf235f9acd333bc9115683f14f7e8fae46c98fc50e015"},
]

[package.extras]
cov = ["attrs[tests]", "coverage[toml] (>=5.3)"]
dev = ["attrs[docs,tests]", "pre-commit"]
docs = ["furo", "myst-parser", "sphinx", "sphinx-notfound-page", "sphinxcontrib-towncrier", "towncrier", "zope-interface"]
tests = ["attrs[tests-no-zope]", "zope-interface"]
tests-no-zope = ["cloudpickle", "hypothesis", "mypy (>=1.1.1)", "pympler", "pytest (>=4.3.0)", "pytest-mypy-plugins", "pytest-xdist[psutil]"]

[[package]]
name = "awsglue-dev"
version = "2021.12.30"
description = "Python interfaces to the AWS Glue ETL library for use as a local dependency."
optional = false
python-versions = "*"
files = [
    {file = "awsglue-dev-2021.12.30.tar.gz", hash = "sha256:c28f852675f7e093d55f9be4f90ad52c262dd6a1e2ca4ad2c45946a938a6d6b9"},
    {file = "awsglue_dev-2021.12.30-py3-none-any.whl", hash = "sha256:b2d140e0e1ed42e0350ad901672925e8e17fbf46b41e8e4012653647df46252e"},
]

[[package]]
name = "colorama"
version = "0.4.6"
description = "Cross-platform colored terminal text."
optional = false
python-versions = "!=3.0.*,!=3.1.*,!=3.2.*,!=3.3.*,!=3.4.*,!=3.5.*,!=3.6.*,>=2.7"
files = [
    {file = "colorama-0.4.6-py2.py3-none-any.whl", hash = "sha256:4f1d9991f5acc0ca119f9d443620b77f9d6b33703e51011c16baf57afb285fc6"},
    {file = "colorama-0.4.6.tar.gz", hash = "sha256:08695f5cb7ed6e0531a20572697297273c47b8cae5a63ffc6d6ed5c201be6e44"},
]

[[package]]
name = "iniconfig"
version = "2.0.0"
description = "brain-dead simple config-ini parsing"
optional = false
python-versions = ">=3.7"
files = [
    {file = "iniconfig-2.0.0-py3-none-any.whl", hash = "sha256:b6a85871a79d2e3b22d2d1b94ac2824226a63c6b741c88f7ae975f18b6778374"},
    {file = "iniconfig-2.0.0.tar.gz", hash = "sha256:2d91e135bf72d31a410b17c16da610a82cb55f6b0477d1a902134b24a455b8b3"},
]

[[package]]
name = "packaging"
version = "23.2"
description = "Core utilities for Python packages"
optional = false
python-versions = ">=3.7"
files = [
    {file = "packaging-23.2-py3-none-any.whl", hash = "sha256:8c491190033a9af7e1d931d0b5dacc2ef47509b34dd0de67ed209b5203fc88c7"},
    {file = "packaging-23.2.tar.gz", hash = "sha256:048fb0e9405036518eaaf48a55953c750c11e1a1b68e0dd1a9d62ed0c092cfc5"},
]

[[package]]
name = "pluggy"
version = "1.3.0"
description = "plugin and hook calling mechanisms for python"
optional = false
python-versions = ">=3.8"
files = [
    {file = "pluggy-1.3.0-py3-none-any.whl", hash = "sha256:d89c696a773f8bd377d18e5ecda92b7a3793cbe66c87060a6fb58c7b6e1061f7"},
    {file = "pluggy-1.3.0.tar.gz", hash = "sha256:cf61ae8f126ac6f7c451172cf30e3e43d3ca77615509771b3a984a0730651e12"},
]

[package.extras]
dev = ["pre-commit", "tox"]
testing = ["pytest", "pytest-benchmark"]

[[package]]
name = "py"
version = "1.11.0"
description = "library with cross-python path, ini-parsing, io, code, log facilities"
optional = false
python-versions = ">=2.7, !=3.0.*, !=3.1.*, !=3.2.*, !=3.3.*, !=3.4.*"
files = [
    {file = "py-1.11.0-py2.py3-none-any.whl", hash = "sha256:607c53218732647dff4acdfcd50cb62615cedf612e72d1724fb1a0cc6405b378"},
    {file = "py-1.11.0.tar.gz", hash = "sha256:51c75c4126074b472f746a24399ad32f6053d1b34b68d2fa41e558e6f4a98719"},
]

[[package]]
name = "py4j"
version = "0.10.9.5"
description = "Enables Python programs to dynamically access arbitrary Java objects"
optional = false
python-versions = "*"
files = [
    {file = "py4j-0.10.9.5-py2.py3-none-any.whl", hash = "sha256:52d171a6a2b031d8a5d1de6efe451cf4f5baff1a2819aabc3741c8406539ba04"},
    {file = "py4j-0.10.9.5.tar.gz", hash = "sha256:276a4a3c5a2154df1860ef3303a927460e02e97b047dc0a47c1c3fb8cce34db6"},
]

[[package]]
name = "pyspark"
version = "3.3.0"
description = "Apache Spark Python API"
optional = false
python-versions = ">=3.7"
files = [
    {file = "pyspark-3.3.0.tar.gz", hash = "sha256:7ebe8e9505647b4d124d5a82fca60dfd3891021cf8ad6c5ec88777eeece92cf7"},
]

[package.dependencies]
py4j = "0.10.9.5"

[package.extras]
ml = ["numpy (>=1.15)"]
mllib = ["numpy (>=1.15)"]
pandas-on-spark = ["numpy (>=1.15)", "pandas (>=1.0.5)", "pyarrow (>=1.0.0)"]
sql = ["pandas (>=1.0.5)", "pyarrow (>=1.0.0)"]

[[package]]
name = "pytest"
version = "7.1.2"
description = "pytest: simple powerful testing with Python"
optional = false
python-versions = ">=3.7"
files = [
    {file = "pytest-7.1.2-py3-none-any.whl", hash = "sha256:13d0e3ccfc2b6e26be000cb6568c832ba67ba32e719443bfe725814d3c42433c"},
    {file = "pytest-7.1.2.tar.gz", hash = "sha256:a06a0425453864a270bc45e71f783330a7428defb4230fb5e6a731fde06ecd45"},
]

[package.dependencies]
atomicwrites = {version = ">=1.0", markers = "sys_platform == \"win32\""}
attrs = ">=19.2.0"
colorama = {version = "*", markers = "sys_platform == \"win32\""}
iniconfig = "*"
packaging = "*"
pluggy = ">=0.12,<2.0"
py = ">=1.8.2"
tomli = ">=1.0.0"

[package.extras]
testing = ["argcomplete", "hypothesis (>=3.56)", "mock", "nose", "pygments (>=2.7.2)", "requests", "xmlschema"]

[[package]]
name = "ruff"
version = "0.3.4"
description = "An extremely fast Python linter and code formatter, written in Rust."
optional = false
python-versions = ">=3.7"
files = [
    {file = "ruff-0.3.4-py3-none-macosx_10_12_x86_64.macosx_11_0_arm64.macosx_10_12_universal2.whl", hash = "sha256:60c870a7d46efcbc8385d27ec07fe534ac32f3b251e4fc44b3cbfd9e09609ef4"},
    {file = "ruff-0.3.4-py3-none-macosx_10_12_x86_64.whl", hash = "sha256:6fc14fa742e1d8f24910e1fff0bd5e26d395b0e0e04cc1b15c7c5e5fe5b4af91"},
    {file = "ruff-0.3.4-py3-none-manylinux_2_17_aarch64.manylinux2014_aarch64.whl", hash = "sha256:d3ee7880f653cc03749a3bfea720cf2a192e4f884925b0cf7eecce82f0ce5854"},
    {file = "ruff-0.3.4-py3-none-manylinux_2_17_armv7l.manylinux2014_armv7l.whl", hash = "sha256:cf133dd744f2470b347f602452a88e70dadfbe0fcfb5fd46e093d55da65f82f7"},
    {file = "ruff-0.3.4-py3-none-manylinux_2_17_i686.manylinux2014_i686.whl", hash = "sha256:3f3860057590e810c7ffea75669bdc6927bfd91e29b4baa9258fd48b540a4365"},
    {file = "ruff-0.3.4-py3-none-manylinux_2_17_ppc64.manylinux2014_ppc64.whl", hash = "sha256:986f2377f7cf12efac1f515fc1a5b753c000ed1e0a6de96747cdf2da20a1b369"},
    {file = "ruff-0.3.4-py3-none-manylinux_2_17_ppc64le.manylinux2014_ppc64le.whl", hash = "sha256:c4fd98e85869603e65f554fdc5cddf0712e352fe6e61d29d5a6fe087ec82b76c"},
    {file = "ruff-0.3.4-py3-none-manylinux_2_17_s390x.manylinux2014_s390x.whl", hash = "sha256:64abeed785dad51801b423fa51840b1764b35d6c461ea8caef9cf9e5e5ab34d9"},
    {file = "ruff-0.3.4-py3-none-manylinux_2_17_x86_64.manylinux2014_x86_64.whl", hash = "sha256:df52972138318bc7546d92348a1ee58449bc3f9eaf0db278906eb511889c4b50"},
    {file = "ruff-0.3.4-py3-none-musllinux_1_2_aarch64.whl", hash = "sha256:98e98300056445ba2cc27d0b325fd044dc17fcc38e4e4d2c7711585bd0a958ed"},
    {file = "ruff-0.3.4-py3-none-musllinux_1_2_armv7l.whl", hash = "sha256:519cf6a0ebed244dce1dc8aecd3dc99add7a2ee15bb68cf19588bb5bf58e0488"},
    {file = "ruff-0.3.4-py3-none-musllinux_1_2_i686.whl", hash = "sha256:bb0acfb921030d00070539c038cd24bb1df73a2981e9f55942514af8b17be94e"},
    {file = "ruff-0.3.4-py3-none-musllinux_1_2_x86_64.whl", hash = "sha256:cf187a7e7098233d0d0c71175375c5162f880126c4c716fa28a8ac418dcf3378"},
    {file = "ruff-0.3.4-py3-none-win32.whl", hash = "sha256:af27ac187c0a331e8ef91d84bf1c3c6a5dea97e912a7560ac0cef25c526a4102"},
    {file = "ruff-0.3.4-py3-none-win_amd64.whl", hash = "sha256:de0d5069b165e5a32b3c6ffbb81c350b1e3d3483347196ffdf86dc0ef9e37dd6"},
    {file = "ruff-0.3.4-py3-none-win_arm64.whl", hash = "sha256:6810563cc08ad0096b57c717bd78aeac888a1bfd38654d9113cb3dc4d3f74232"},
    {file = "ruff-0.3.4.tar.gz", hash = "sha256:f0f4484c6541a99862b693e13a151435a279b271cff20e37101116a21e2a1ad1"},
]

[[package]]
name = "tomli"
version = "2.0.1"
description = "A lil' TOML parser"
optional = false
python-versions = ">=3.7"
files = [
    {file = "tomli-2.0.1-py3-none-any.whl", hash = "sha256:939de3e7a6161af0c887ef91b7d41a53e7c5a1ca976325f429cb46ea9bc30ecc"},
    {file = "tomli-2.0.1.tar.gz", hash = "sha256:de526c12914f0c550d15924c62d72abc48d6fe7364aa87328337a31007fe8a4f"},
]

[metadata]
lock-version = "2.0"
python-versions = "~3.10.12"
content-hash = "bb5e5bc6ac7d9b0dce2b18f35478e55951c4aa9425d281acc4e3afaa9476aae7"
